// !$*UTF8*$!
{
	archiveVersion = 1;
	classes = {
	};
	objectVersion = 50;
	objects = {

/* Begin PBXBuildFile section */
		3987BF33224F3014000E54A2 /* CategoryViewController.swift in Sources */ = {isa = PBXBuildFile; fileRef = 3987BF32224F3014000E54A2 /* CategoryViewController.swift */; };
		399CA9692249E46200C1A2DE /* AppDelegate.swift in Sources */ = {isa = PBXBuildFile; fileRef = 399CA9682249E46200C1A2DE /* AppDelegate.swift */; };
		399CA96B2249E46200C1A2DE /* TodoeyListViewController.swift in Sources */ = {isa = PBXBuildFile; fileRef = 399CA96A2249E46200C1A2DE /* TodoeyListViewController.swift */; };
		399CA96E2249E46200C1A2DE /* Main.storyboard in Resources */ = {isa = PBXBuildFile; fileRef = 399CA96C2249E46200C1A2DE /* Main.storyboard */; };
		399CA9702249E46300C1A2DE /* Assets.xcassets in Resources */ = {isa = PBXBuildFile; fileRef = 399CA96F2249E46300C1A2DE /* Assets.xcassets */; };
		399CA9732249E46300C1A2DE /* LaunchScreen.storyboard in Resources */ = {isa = PBXBuildFile; fileRef = 399CA9712249E46300C1A2DE /* LaunchScreen.storyboard */; };
		39BB1D1B224B523C00C2CCF9 /* DataModel.xcdatamodeld in Sources */ = {isa = PBXBuildFile; fileRef = 39BB1D19224B523C00C2CCF9 /* DataModel.xcdatamodeld */; };
		FFFC7202661F6C9FF4126FBE /* Pods_Todoey.framework in Frameworks */ = {isa = PBXBuildFile; fileRef = 0EEAE1557F049C1AFB30FE18 /* Pods_Todoey.framework */; };
/* End PBXBuildFile section */

/* Begin PBXFileReference section */
		0EEAE1557F049C1AFB30FE18 /* Pods_Todoey.framework */ = {isa = PBXFileReference; explicitFileType = wrapper.framework; includeInIndex = 0; path = Pods_Todoey.framework; sourceTree = BUILT_PRODUCTS_DIR; };
		3987BF32224F3014000E54A2 /* CategoryViewController.swift */ = {isa = PBXFileReference; lastKnownFileType = sourcecode.swift; path = CategoryViewController.swift; sourceTree = "<group>"; };
		399CA9652249E46200C1A2DE /* Todoey.app */ = {isa = PBXFileReference; explicitFileType = wrapper.application; includeInIndex = 0; path = Todoey.app; sourceTree = BUILT_PRODUCTS_DIR; };
		399CA9682249E46200C1A2DE /* AppDelegate.swift */ = {isa = PBXFileReference; lastKnownFileType = sourcecode.swift; path = AppDelegate.swift; sourceTree = "<group>"; };
		399CA96A2249E46200C1A2DE /* TodoeyListViewController.swift */ = {isa = PBXFileReference; lastKnownFileType = sourcecode.swift; path = TodoeyListViewController.swift; sourceTree = "<group>"; };
		399CA96D2249E46200C1A2DE /* Base */ = {isa = PBXFileReference; lastKnownFileType = file.storyboard; name = Base; path = Base.lproj/Main.storyboard; sourceTree = "<group>"; };
		399CA96F2249E46300C1A2DE /* Assets.xcassets */ = {isa = PBXFileReference; lastKnownFileType = folder.assetcatalog; path = Assets.xcassets; sourceTree = "<group>"; };
		399CA9722249E46300C1A2DE /* Base */ = {isa = PBXFileReference; lastKnownFileType = file.storyboard; name = Base; path = Base.lproj/LaunchScreen.storyboard; sourceTree = "<group>"; };
		399CA9742249E46300C1A2DE /* Info.plist */ = {isa = PBXFileReference; lastKnownFileType = text.plist.xml; path = Info.plist; sourceTree = "<group>"; };
		39BB1D1A224B523C00C2CCF9 /* DataModel.xcdatamodel */ = {isa = PBXFileReference; lastKnownFileType = wrapper.xcdatamodel; path = DataModel.xcdatamodel; sourceTree = "<group>"; };
		B9687FE14FF7889B1EA9C388 /* Pods-Todoey.release.xcconfig */ = {isa = PBXFileReference; includeInIndex = 1; lastKnownFileType = text.xcconfig; name = "Pods-Todoey.release.xcconfig"; path = "Target Support Files/Pods-Todoey/Pods-Todoey.release.xcconfig"; sourceTree = "<group>"; };
		BB16592A34484B7AB5C2EE5B /* Pods-Todoey.debug.xcconfig */ = {isa = PBXFileReference; includeInIndex = 1; lastKnownFileType = text.xcconfig; name = "Pods-Todoey.debug.xcconfig"; path = "Target Support Files/Pods-Todoey/Pods-Todoey.debug.xcconfig"; sourceTree = "<group>"; };
/* End PBXFileReference section */

/* Begin PBXFrameworksBuildPhase section */
		399CA9622249E46200C1A2DE /* Frameworks */ = {
			isa = PBXFrameworksBuildPhase;
			buildActionMask = 2147483647;
			files = (
				FFFC7202661F6C9FF4126FBE /* Pods_Todoey.framework in Frameworks */,
			);
			runOnlyForDeploymentPostprocessing = 0;
		};
/* End PBXFrameworksBuildPhase section */

/* Begin PBXGroup section */
		396CFABA224A6DCF00CC03DD /* Model */ = {
			isa = PBXGroup;
			children = (
				39BB1D19224B523C00C2CCF9 /* DataModel.xcdatamodeld */,
			);
			path = Model;
			sourceTree = "<group>";
		};
		396CFABD224A6E2400CC03DD /* Controllers */ = {
			isa = PBXGroup;
			children = (
				3987BF32224F3014000E54A2 /* CategoryViewController.swift */,
				399CA96A2249E46200C1A2DE /* TodoeyListViewController.swift */,
			);
			path = Controllers;
			sourceTree = "<group>";
		};
		396CFABE224A6E3D00CC03DD /* Views */ = {
			isa = PBXGroup;
			children = (
				399CA96C2249E46200C1A2DE /* Main.storyboard */,
			);
			path = Views;
			sourceTree = "<group>";
		};
		396CFABF224A6E5B00CC03DD /* Supporting Files */ = {
			isa = PBXGroup;
			children = (
				399CA96F2249E46300C1A2DE /* Assets.xcassets */,
				399CA9712249E46300C1A2DE /* LaunchScreen.storyboard */,
			);
			path = "Supporting Files";
			sourceTree = "<group>";
		};
		399CA95C2249E46200C1A2DE = {
			isa = PBXGroup;
			children = (
				399CA9672249E46200C1A2DE /* Todoey */,
				399CA9662249E46200C1A2DE /* Products */,
				E3043B485AA9800FF6E067D5 /* Pods */,
				971236FBC5666E1FE88C1A9F /* Frameworks */,
			);
			sourceTree = "<group>";
		};
		399CA9662249E46200C1A2DE /* Products */ = {
			isa = PBXGroup;
			children = (
				399CA9652249E46200C1A2DE /* Todoey.app */,
			);
			name = Products;
			sourceTree = "<group>";
		};
		399CA9672249E46200C1A2DE /* Todoey */ = {
			isa = PBXGroup;
			children = (
				399CA9682249E46200C1A2DE /* AppDelegate.swift */,
				396CFABA224A6DCF00CC03DD /* Model */,
				396CFABD224A6E2400CC03DD /* Controllers */,
				396CFABE224A6E3D00CC03DD /* Views */,
				396CFABF224A6E5B00CC03DD /* Supporting Files */,
				399CA9742249E46300C1A2DE /* Info.plist */,
			);
			path = Todoey;
			sourceTree = "<group>";
		};
		971236FBC5666E1FE88C1A9F /* Frameworks */ = {
			isa = PBXGroup;
			children = (
				0EEAE1557F049C1AFB30FE18 /* Pods_Todoey.framework */,
			);
			name = Frameworks;
			sourceTree = "<group>";
		};
		E3043B485AA9800FF6E067D5 /* Pods */ = {
			isa = PBXGroup;
			children = (
				BB16592A34484B7AB5C2EE5B /* Pods-Todoey.debug.xcconfig */,
				B9687FE14FF7889B1EA9C388 /* Pods-Todoey.release.xcconfig */,
			);
			name = Pods;
			path = Pods;
			sourceTree = "<group>";
		};
/* End PBXGroup section */

/* Begin PBXNativeTarget section */
		399CA9642249E46200C1A2DE /* Todoey */ = {
			isa = PBXNativeTarget;
			buildConfigurationList = 399CA9772249E46300C1A2DE /* Build configuration list for PBXNativeTarget "Todoey" */;
			buildPhases = (
				5518B1D4E3D1B70C0A1BD9F9 /* [CP] Check Pods Manifest.lock */,
				399CA9612249E46200C1A2DE /* Sources */,
				399CA9622249E46200C1A2DE /* Frameworks */,
				399CA9632249E46200C1A2DE /* Resources */,
				0F3A5227F56855D67FC6662E /* [CP] Embed Pods Frameworks */,
			);
			buildRules = (
			);
			dependencies = (
			);
			name = Todoey;
			productName = Todoey;
			productReference = 399CA9652249E46200C1A2DE /* Todoey.app */;
			productType = "com.apple.product-type.application";
		};
/* End PBXNativeTarget section */

/* Begin PBXProject section */
		399CA95D2249E46200C1A2DE /* Project object */ = {
			isa = PBXProject;
			attributes = {
				LastSwiftUpdateCheck = 1010;
				LastUpgradeCheck = 1010;
				ORGANIZATIONNAME = Junaid;
				TargetAttributes = {
					399CA9642249E46200C1A2DE = {
						CreatedOnToolsVersion = 10.1;
					};
				};
			};
			buildConfigurationList = 399CA9602249E46200C1A2DE /* Build configuration list for PBXProject "Todoey" */;
			compatibilityVersion = "Xcode 9.3";
			developmentRegion = en;
			hasScannedForEncodings = 0;
			knownRegions = (
				en,
				Base,
			);
			mainGroup = 399CA95C2249E46200C1A2DE;
			productRefGroup = 399CA9662249E46200C1A2DE /* Products */;
			projectDirPath = "";
			projectRoot = "";
			targets = (
				399CA9642249E46200C1A2DE /* Todoey */,
			);
		};
/* End PBXProject section */

/* Begin PBXResourcesBuildPhase section */
		399CA9632249E46200C1A2DE /* Resources */ = {
			isa = PBXResourcesBuildPhase;
			buildActionMask = 2147483647;
			files = (
				399CA9732249E46300C1A2DE /* LaunchScreen.storyboard in Resources */,
				399CA9702249E46300C1A2DE /* Assets.xcassets in Resources */,
				399CA96E2249E46200C1A2DE /* Main.storyboard in Resources */,
			);
			runOnlyForDeploymentPostprocessing = 0;
		};
/* End PBXResourcesBuildPhase section */

/* Begin PBXShellScriptBuildPhase section */
		0F3A5227F56855D67FC6662E /* [CP] Embed Pods Frameworks */ = {
			isa = PBXShellScriptBuildPhase;
			buildActionMask = 2147483647;
			files = (
			);
			inputFileListPaths = (
			);
			inputPaths = (
				"${PODS_ROOT}/Target Support Files/Pods-Todoey/Pods-Todoey-frameworks.sh",
				"${BUILT_PRODUCTS_DIR}/Realm/Realm.framework",
				"${BUILT_PRODUCTS_DIR}/RealmSwift/RealmSwift.framework",
			);
			name = "[CP] Embed Pods Frameworks";
			outputFileListPaths = (
			);
			outputPaths = (
				"${TARGET_BUILD_DIR}/${FRAMEWORKS_FOLDER_PATH}/Realm.framework",
				"${TARGET_BUILD_DIR}/${FRAMEWORKS_FOLDER_PATH}/RealmSwift.framework",
			);
			runOnlyForDeploymentPostprocessing = 0;
			shellPath = /bin/sh;
			shellScript = "\"${PODS_ROOT}/Target Support Files/Pods-Todoey/Pods-Todoey-frameworks.sh\"\n";
			showEnvVarsInLog = 0;
		};
		5518B1D4E3D1B70C0A1BD9F9 /* [CP] Check Pods Manifest.lock */ = {
			isa = PBXShellScriptBuildPhase;
			buildActionMask = 2147483647;
			files = (
			);
			inputFileListPaths = (
			);
			inputPaths = (
				"${PODS_PODFILE_DIR_PATH}/Podfile.lock",
				"${PODS_ROOT}/Manifest.lock",
			);
			name = "[CP] Check Pods Manifest.lock";
			outputFileListPaths = (
			);
			outputPaths = (
				"$(DERIVED_FILE_DIR)/Pods-Todoey-checkManifestLockResult.txt",
			);
			runOnlyForDeploymentPostprocessing = 0;
			shellPath = /bin/sh;
			shellScript = "diff \"${PODS_PODFILE_DIR_PATH}/Podfile.lock\" \"${PODS_ROOT}/Manifest.lock\" > /dev/null\nif [ $? != 0 ] ; then\n    # print error to STDERR\n    echo \"error: The sandbox is not in sync with the Podfile.lock. Run 'pod install' or update your CocoaPods installation.\" >&2\n    exit 1\nfi\n# This output is used by Xcode 'outputs' to avoid re-running this script phase.\necho \"SUCCESS\" > \"${SCRIPT_OUTPUT_FILE_0}\"\n";
			showEnvVarsInLog = 0;
		};
/* End PBXShellScriptBuildPhase section */

/* Begin PBXSourcesBuildPhase section */
		399CA9612249E46200C1A2DE /* Sources */ = {
			isa = PBXSourcesBuildPhase;
			buildActionMask = 2147483647;
			files = (
				3987BF33224F3014000E54A2 /* CategoryViewController.swift in Sources */,
				399CA96B2249E46200C1A2DE /* TodoeyListViewController.swift in Sources */,
				39BB1D1B224B523C00C2CCF9 /* DataModel.xcdatamodeld in Sources */,
				399CA9692249E46200C1A2DE /* AppDelegate.swift in Sources */,
			);
			runOnlyForDeploymentPostprocessing = 0;
		};
/* End PBXSourcesBuildPhase section */

/* Begin PBXVariantGroup section */
		399CA96C2249E46200C1A2DE /* Main.storyboard */ = {
			isa = PBXVariantGroup;
			children = (
				399CA96D2249E46200C1A2DE /* Base */,
			);
			name = Main.storyboard;
			sourceTree = "<group>";
		};
		399CA9712249E46300C1A2DE /* LaunchScreen.storyboard */ = {
			isa = PBXVariantGroup;
			children = (
				399CA9722249E46300C1A2DE /* Base */,
			);
			name = LaunchScreen.storyboard;
			sourceTree = "<group>";
		};
/* End PBXVariantGroup section */

/* Begin XCBuildConfiguration section */
		399CA9752249E46300C1A2DE /* Debug */ = {
			isa = XCBuildConfiguration;
			buildSettings = {
				ALWAYS_SEARCH_USER_PATHS = NO;
				CLANG_ANALYZER_NONNULL = YES;
				CLANG_ANALYZER_NUMBER_OBJECT_CONVERSION = YES_AGGRESSIVE;
				CLANG_CXX_LANGUAGE_STANDARD = "gnu++14";
				CLANG_CXX_LIBRARY = "libc++";
				CLANG_ENABLE_MODULES = YES;
				CLANG_ENABLE_OBJC_ARC = YES;
				CLANG_ENABLE_OBJC_WEAK = YES;
				CLANG_WARN_BLOCK_CAPTURE_AUTORELEASING = YES;
				CLANG_WARN_BOOL_CONVERSION = YES;
				CLANG_WARN_COMMA = YES;
				CLANG_WARN_CONSTANT_CONVERSION = YES;
				CLANG_WARN_DEPRECATED_OBJC_IMPLEMENTATIONS = YES;
				CLANG_WARN_DIRECT_OBJC_ISA_USAGE = YES_ERROR;
				CLANG_WARN_DOCUMENTATION_COMMENTS = YES;
				CLANG_WARN_EMPTY_BODY = YES;
				CLANG_WARN_ENUM_CONVERSION = YES;
				CLANG_WARN_INFINITE_RECURSION = YES;
				CLANG_WARN_INT_CONVERSION = YES;
				CLANG_WARN_NON_LITERAL_NULL_CONVERSION = YES;
				CLANG_WARN_OBJC_IMPLICIT_RETAIN_SELF = YES;
				CLANG_WARN_OBJC_LITERAL_CONVERSION = YES;
				CLANG_WARN_OBJC_ROOT_CLASS = YES_ERROR;
				CLANG_WARN_RANGE_LOOP_ANALYSIS = YES;
				CLANG_WARN_STRICT_PROTOTYPES = YES;
				CLANG_WARN_SUSPICIOUS_MOVE = YES;
				CLANG_WARN_UNGUARDED_AVAILABILITY = YES_AGGRESSIVE;
				CLANG_WARN_UNREACHABLE_CODE = YES;
				CLANG_WARN__DUPLICATE_METHOD_MATCH = YES;
				CODE_SIGN_IDENTITY = "iPhone Developer";
				COPY_PHASE_STRIP = NO;
				DEBUG_INFORMATION_FORMAT = dwarf;
				ENABLE_STRICT_OBJC_MSGSEND = YES;
				ENABLE_TESTABILITY = YES;
				GCC_C_LANGUAGE_STANDARD = gnu11;
				GCC_DYNAMIC_NO_PIC = NO;
				GCC_NO_COMMON_BLOCKS = YES;
				GCC_OPTIMIZATION_LEVEL = 0;
				GCC_PREPROCESSOR_DEFINITIONS = (
					"DEBUG=1",
					"$(inherited)",
				);
				GCC_WARN_64_TO_32_BIT_CONVERSION = YES;
				GCC_WARN_ABOUT_RETURN_TYPE = YES_ERROR;
				GCC_WARN_UNDECLARED_SELECTOR = YES;
				GCC_WARN_UNINITIALIZED_AUTOS = YES_AGGRESSIVE;
				GCC_WARN_UNUSED_FUNCTION = YES;
				GCC_WARN_UNUSED_VARIABLE = YES;
				IPHONEOS_DEPLOYMENT_TARGET = 12.1;
				MTL_ENABLE_DEBUG_INFO = INCLUDE_SOURCE;
				MTL_FAST_MATH = YES;
				ONLY_ACTIVE_ARCH = YES;
				SDKROOT = iphoneos;
				SWIFT_ACTIVE_COMPILATION_CONDITIONS = DEBUG;
				SWIFT_OPTIMIZATION_LEVEL = "-Onone";
			};
			name = Debug;
		};
		399CA9762249E46300C1A2DE /* Release */ = {
			isa = XCBuildConfiguration;
			buildSettings = {
				ALWAYS_SEARCH_USER_PATHS = NO;
				CLANG_ANALYZER_NONNULL = YES;
				CLANG_ANALYZER_NUMBER_OBJECT_CONVERSION = YES_AGGRESSIVE;
				CLANG_CXX_LANGUAGE_STANDARD = "gnu++14";
				CLANG_CXX_LIBRARY = "libc++";
				CLANG_ENABLE_MODULES = YES;
				CLANG_ENABLE_OBJC_ARC = YES;
				CLANG_ENABLE_OBJC_WEAK = YES;
				CLANG_WARN_BLOCK_CAPTURE_AUTORELEASING = YES;
				CLANG_WARN_BOOL_CONVERSION = YES;
				CLANG_WARN_COMMA = YES;
				CLANG_WARN_CONSTANT_CONVERSION = YES;
				CLANG_WARN_DEPRECATED_OBJC_IMPLEMENTATIONS = YES;
				CLANG_WARN_DIRECT_OBJC_ISA_USAGE = YES_ERROR;
				CLANG_WARN_DOCUMENTATION_COMMENTS = YES;
				CLANG_WARN_EMPTY_BODY = YES;
				CLANG_WARN_ENUM_CONVERSION = YES;
				CLANG_WARN_INFINITE_RECURSION = YES;
				CLANG_WARN_INT_CONVERSION = YES;
				CLANG_WARN_NON_LITERAL_NULL_CONVERSION = YES;
				CLANG_WARN_OBJC_IMPLICIT_RETAIN_SELF = YES;
				CLANG_WARN_OBJC_LITERAL_CONVERSION = YES;
				CLANG_WARN_OBJC_ROOT_CLASS = YES_ERROR;
				CLANG_WARN_RANGE_LOOP_ANALYSIS = YES;
				CLANG_WARN_STRICT_PROTOTYPES = YES;
				CLANG_WARN_SUSPICIOUS_MOVE = YES;
				CLANG_WARN_UNGUARDED_AVAILABILITY = YES_AGGRESSIVE;
				CLANG_WARN_UNREACHABLE_CODE = YES;
				CLANG_WARN__DUPLICATE_METHOD_MATCH = YES;
				CODE_SIGN_IDENTITY = "iPhone Developer";
				COPY_PHASE_STRIP = NO;
				DEBUG_INFORMATION_FORMAT = "dwarf-with-dsym";
				ENABLE_NS_ASSERTIONS = NO;
				ENABLE_STRICT_OBJC_MSGSEND = YES;
				GCC_C_LANGUAGE_STANDARD = gnu11;
				GCC_NO_COMMON_BLOCKS = YES;
				GCC_WARN_64_TO_32_BIT_CONVERSION = YES;
				GCC_WARN_ABOUT_RETURN_TYPE = YES_ERROR;
				GCC_WARN_UNDECLARED_SELECTOR = YES;
				GCC_WARN_UNINITIALIZED_AUTOS = YES_AGGRESSIVE;
				GCC_WARN_UNUSED_FUNCTION = YES;
				GCC_WARN_UNUSED_VARIABLE = YES;
				IPHONEOS_DEPLOYMENT_TARGET = 12.1;
				MTL_ENABLE_DEBUG_INFO = NO;
				MTL_FAST_MATH = YES;
				SDKROOT = iphoneos;
				SWIFT_COMPILATION_MODE = wholemodule;
				SWIFT_OPTIMIZATION_LEVEL = "-O";
				VALIDATE_PRODUCT = YES;
			};
			name = Release;
		};
		399CA9782249E46300C1A2DE /* Debug */ = {
			isa = XCBuildConfiguration;
			baseConfigurationReference = BB16592A34484B7AB5C2EE5B /* Pods-Todoey.debug.xcconfig */;
			buildSettings = {
				ASSETCATALOG_COMPILER_APPICON_NAME = AppIcon;
				CODE_SIGN_STYLE = Automatic;
				INFOPLIST_FILE = Todoey/Info.plist;
				LD_RUNPATH_SEARCH_PATHS = (
					"$(inherited)",
					"@executable_path/Frameworks",
				);
				PRODUCT_BUNDLE_IDENTIFIER = com.Junaid.Todoey;
				PRODUCT_NAME = "$(TARGET_NAME)";
				SWIFT_VERSION = 4.2;
				TARGETED_DEVICE_FAMILY = "1,2";
			};
			name = Debug;
		};
		399CA9792249E46300C1A2DE /* Release */ = {
			isa = XCBuildConfiguration;
			baseConfigurationReference = B9687FE14FF7889B1EA9C388 /* Pods-Todoey.release.xcconfig */;
			buildSettings = {
				ASSETCATALOG_COMPILER_APPICON_NAME = AppIcon;
				CODE_SIGN_STYLE = Automatic;
				INFOPLIST_FILE = Todoey/Info.plist;
				LD_RUNPATH_SEARCH_PATHS = (
					"$(inherited)",
					"@executable_path/Frameworks",
				);
				PRODUCT_BUNDLE_IDENTIFIER = com.Junaid.Todoey;
				PRODUCT_NAME = "$(TARGET_NAME)";
				SWIFT_VERSION = 4.2;
				TARGETED_DEVICE_FAMILY = "1,2";
			};
			name = Release;
		};
/* End XCBuildConfiguration section */

/* Begin XCConfigurationList section */
		399CA9602249E46200C1A2DE /* Build configuration list for PBXProject "Todoey" */ = {
			isa = XCConfigurationList;
			buildConfigurations = (
				399CA9752249E46300C1A2DE /* Debug */,
				399CA9762249E46300C1A2DE /* Release */,
			);
			defaultConfigurationIsVisible = 0;
			defaultConfigurationName = Release;
		};
		399CA9772249E46300C1A2DE /* Build configuration list for PBXNativeTarget "Todoey" */ = {
			isa = XCConfigurationList;
			buildConfigurations = (
				399CA9782249E46300C1A2DE /* Debug */,
				399CA9792249E46300C1A2DE /* Release */,
			);
			defaultConfigurationIsVisible = 0;
			defaultConfigurationName = Release;
		};
/* End XCConfigurationList section */

/* Begin XCVersionGroup section */
		39BB1D19224B523C00C2CCF9 /* DataModel.xcdatamodeld */ = {
			isa = XCVersionGroup;
			children = (
				39BB1D1A224B523C00C2CCF9 /* DataModel.xcdatamodel */,
			);
			currentVersion = 39BB1D1A224B523C00C2CCF9 /* DataModel.xcdatamodel */;
			path = DataModel.xcdatamodeld;
			sourceTree = "<group>";
			versionGroupType = wrapper.xcdatamodel;
		};
/* End XCVersionGroup section */
	};
	rootObject = 399CA95D2249E46200C1A2DE /* Project object */;
}
